
Microsoft Visual Studio Solution File, Format Version 12.00
# Visual Studio 15
VisualStudioVersion = 15.0.26730.8
MinimumVisualStudioVersion = 10.0.40219.1
Project("{FAE04EC0-301F-11D3-BF4B-00C04F79EFBC}") = "AttackSystem", "AttackSystem\AttackSystem.csproj", "{A4D5E383-8F25-4D8C-87E8-EA0778941C54}"
EndProject
Global
	GlobalSection(SolutionConfigurationPlatforms) = preSolution
		Debug|Any CPU = Debug|Any CPU
		Release|Any CPU = Release|Any CPU
	EndGlobalSection
	GlobalSection(ProjectConfigurationPlatforms) = postSolution
		{A4D5E383-8F25-4D8C-87E8-EA0778941C54}.Debug|Any CPU.ActiveCfg = Debug|Any CPU
		{A4D5E383-8F25-4D8C-87E8-EA0778941C54}.Debug|Any CPU.Build.0 = Debug|Any CPU
		{A4D5E383-8F25-4D8C-87E8-EA0778941C54}.Release|Any CPU.ActiveCfg = Release|Any CPU
		{A4D5E383-8F25-4D8C-87E8-EA0778941C54}.Release|Any CPU.Build.0 = Release|Any CPU
	EndGlobalSection
	GlobalSection(SolutionProperties) = preSolution
		HideSolutionNode = FALSE
	EndGlobalSection
	GlobalSection(ExtensibilityGlobals) = postSolution
		SolutionGuid = {8FAD030D-8DDA-4404-9B27-5C6AB016F834}
	EndGlobalSection
EndGlobal
